// !$*UTF8*$!
{
	archiveVersion = 1;
	classes = {
	};
	objectVersion = 50;
	objects = {

/* Begin PBXBuildFile section */
		B566DD3525A4A68A00B46E30 /* AppDelegate.swift in Sources */ = {isa = PBXBuildFile; fileRef = B566DD3425A4A68A00B46E30 /* AppDelegate.swift */; };
		B566DD3725A4A68A00B46E30 /* SceneDelegate.swift in Sources */ = {isa = PBXBuildFile; fileRef = B566DD3625A4A68A00B46E30 /* SceneDelegate.swift */; };
		B566DD3925A4A68A00B46E30 /* ViewController.swift in Sources */ = {isa = PBXBuildFile; fileRef = B566DD3825A4A68A00B46E30 /* ViewController.swift */; };
		B566DD3C25A4A68A00B46E30 /* Main.storyboard in Resources */ = {isa = PBXBuildFile; fileRef = B566DD3A25A4A68A00B46E30 /* Main.storyboard */; };
		B566DD3E25A4A68B00B46E30 /* Assets.xcassets in Resources */ = {isa = PBXBuildFile; fileRef = B566DD3D25A4A68B00B46E30 /* Assets.xcassets */; };
		B566DD4125A4A68B00B46E30 /* LaunchScreen.storyboard in Resources */ = {isa = PBXBuildFile; fileRef = B566DD3F25A4A68B00B46E30 /* LaunchScreen.storyboard */; };
/* End PBXBuildFile section */

/* Begin PBXFileReference section */
		B566DD3125A4A68A00B46E30 /* Avito-Intership.app */ = {isa = PBXFileReference; explicitFileType = wrapper.application; includeInIndex = 0; path = "Avito-Intership.app"; sourceTree = BUILT_PRODUCTS_DIR; };
		B566DD3425A4A68A00B46E30 /* AppDelegate.swift */ = {isa = PBXFileReference; lastKnownFileType = sourcecode.swift; path = AppDelegate.swift; sourceTree = "<group>"; };
		B566DD3625A4A68A00B46E30 /* SceneDelegate.swift */ = {isa = PBXFileReference; lastKnownFileType = sourcecode.swift; path = SceneDelegate.swift; sourceTree = "<group>"; };
		B566DD3825A4A68A00B46E30 /* ViewController.swift */ = {isa = PBXFileReference; lastKnownFileType = sourcecode.swift; path = ViewController.swift; sourceTree = "<group>"; };
		B566DD3B25A4A68A00B46E30 /* Base */ = {isa = PBXFileReference; lastKnownFileType = file.storyboard; name = Base; path = Base.lproj/Main.storyboard; sourceTree = "<group>"; };
		B566DD3D25A4A68B00B46E30 /* Assets.xcassets */ = {isa = PBXFileReference; lastKnownFileType = folder.assetcatalog; path = Assets.xcassets; sourceTree = "<group>"; };
		B566DD4025A4A68B00B46E30 /* Base */ = {isa = PBXFileReference; lastKnownFileType = file.storyboard; name = Base; path = Base.lproj/LaunchScreen.storyboard; sourceTree = "<group>"; };
		B566DD4225A4A68B00B46E30 /* Info.plist */ = {isa = PBXFileReference; lastKnownFileType = text.plist.xml; path = Info.plist; sourceTree = "<group>"; };
/* End PBXFileReference section */

/* Begin PBXFrameworksBuildPhase section */
		B566DD2E25A4A68A00B46E30 /* Frameworks */ = {
			isa = PBXFrameworksBuildPhase;
			buildActionMask = 2147483647;
			files = (
			);
			runOnlyForDeploymentPostprocessing = 0;
		};
/* End PBXFrameworksBuildPhase section */

/* Begin PBXGroup section */
		B566DD2825A4A68A00B46E30 = {
			isa = PBXGroup;
			children = (
				B566DD3325A4A68A00B46E30 /* Avito-Intership */,
				B566DD3225A4A68A00B46E30 /* Products */,
			);
			sourceTree = "<group>";
		};
		B566DD3225A4A68A00B46E30 /* Products */ = {
			isa = PBXGroup;
			children = (
				B566DD3125A4A68A00B46E30 /* Avito-Intership.app */,
			);
			name = Products;
			sourceTree = "<group>";
		};
		B566DD3325A4A68A00B46E30 /* Avito-Intership */ = {
			isa = PBXGroup;
			children = (
				B566DD3425A4A68A00B46E30 /* AppDelegate.swift */,
				B566DD3625A4A68A00B46E30 /* SceneDelegate.swift */,
				B566DD3825A4A68A00B46E30 /* ViewController.swift */,
				B566DD3A25A4A68A00B46E30 /* Main.storyboard */,
				B566DD3D25A4A68B00B46E30 /* Assets.xcassets */,
				B566DD3F25A4A68B00B46E30 /* LaunchScreen.storyboard */,
				B566DD4225A4A68B00B46E30 /* Info.plist */,
			);
			path = "Avito-Intership";
			sourceTree = "<group>";
		};
/* End PBXGroup section */

/* Begin PBXNativeTarget section */
		B566DD3025A4A68A00B46E30 /* Avito-Intership */ = {
			isa = PBXNativeTarget;
			buildConfigurationList = B566DD4525A4A68B00B46E30 /* Build configuration list for PBXNativeTarget "Avito-Intership" */;
			buildPhases = (
				B566DD2D25A4A68A00B46E30 /* Sources */,
				B566DD2E25A4A68A00B46E30 /* Frameworks */,
				B566DD2F25A4A68A00B46E30 /* Resources */,
			);
			buildRules = (
			);
			dependencies = (
			);
			name = "Avito-Intership";
			productName = "Avito-Intership";
			productReference = B566DD3125A4A68A00B46E30 /* Avito-Intership.app */;
			productType = "com.apple.product-type.application";
		};
/* End PBXNativeTarget section */

/* Begin PBXProject section */
		B566DD2925A4A68A00B46E30 /* Project object */ = {
			isa = PBXProject;
			attributes = {
				LastSwiftUpdateCheck = 1220;
				LastUpgradeCheck = 1220;
				TargetAttributes = {
					B566DD3025A4A68A00B46E30 = {
						CreatedOnToolsVersion = 12.2;
					};
				};
			};
			buildConfigurationList = B566DD2C25A4A68A00B46E30 /* Build configuration list for PBXProject "Avito-Intership" */;
			compatibilityVersion = "Xcode 9.3";
			developmentRegion = en;
			hasScannedForEncodings = 0;
			knownRegions = (
				en,
				Base,
			);
			mainGroup = B566DD2825A4A68A00B46E30;
			productRefGroup = B566DD3225A4A68A00B46E30 /* Products */;
			projectDirPath = "";
			projectRoot = "";
			targets = (
				B566DD3025A4A68A00B46E30 /* Avito-Intership */,
			);
		};
/* End PBXProject section */

/* Begin PBXResourcesBuildPhase section */
		B566DD2F25A4A68A00B46E30 /* Resources */ = {
			isa = PBXResourcesBuildPhase;
			buildActionMask = 2147483647;
			files = (
				B566DD4125A4A68B00B46E30 /* LaunchScreen.storyboard in Resources */,
				B566DD3E25A4A68B00B46E30 /* Assets.xcassets in Resources */,
				B566DD3C25A4A68A00B46E30 /* Main.storyboard in Resources */,
			);
			runOnlyForDeploymentPostprocessing = 0;
		};
/* End PBXResourcesBuildPhase section */

/* Begin PBXSourcesBuildPhase section */
		B566DD2D25A4A68A00B46E30 /* Sources */ = {
			isa = PBXSourcesBuildPhase;
			buildActionMask = 2147483647;
			files = (
				B566DD3925A4A68A00B46E30 /* ViewController.swift in Sources */,
				B566DD3525A4A68A00B46E30 /* AppDelegate.swift in Sources */,
				B566DD3725A4A68A00B46E30 /* SceneDelegate.swift in Sources */,
			);
			runOnlyForDeploymentPostprocessing = 0;
		};
/* End PBXSourcesBuildPhase section */

/* Begin PBXVariantGroup section */
		B566DD3A25A4A68A00B46E30 /* Main.storyboard */ = {
			isa = PBXVariantGroup;
			children = (
				B566DD3B25A4A68A00B46E30 /* Base */,
			);
			name = Main.storyboard;
			sourceTree = "<group>";
		};
		B566DD3F25A4A68B00B46E30 /* LaunchScreen.storyboard */ = {
			isa = PBXVariantGroup;
			children = (
				B566DD4025A4A68B00B46E30 /* Base */,
			);
			name = LaunchScreen.storyboard;
			sourceTree = "<group>";
		};
/* End PBXVariantGroup section */

/* Begin XCBuildConfiguration section */
		B566DD4325A4A68B00B46E30 /* Debug */ = {
			isa = XCBuildConfiguration;
			buildSettings = {
				ALWAYS_SEARCH_USER_PATHS = NO;
				CLANG_ANALYZER_NONNULL = YES;
				CLANG_ANALYZER_NUMBER_OBJECT_CONVERSION = YES_AGGRESSIVE;
				CLANG_CXX_LANGUAGE_STANDARD = "gnu++14";
				CLANG_CXX_LIBRARY = "libc++";
				CLANG_ENABLE_MODULES = YES;
				CLANG_ENABLE_OBJC_ARC = YES;
				CLANG_ENABLE_OBJC_WEAK = YES;
				CLANG_WARN_BLOCK_CAPTURE_AUTORELEASING = YES;
				CLANG_WARN_BOOL_CONVERSION = YES;
				CLANG_WARN_COMMA = YES;
				CLANG_WARN_CONSTANT_CONVERSION = YES;
				CLANG_WARN_DEPRECATED_OBJC_IMPLEMENTATIONS = YES;
				CLANG_WARN_DIRECT_OBJC_ISA_USAGE = YES_ERROR;
				CLANG_WARN_DOCUMENTATION_COMMENTS = YES;
				CLANG_WARN_EMPTY_BODY = YES;
				CLANG_WARN_ENUM_CONVERSION = YES;
				CLANG_WARN_INFINITE_RECURSION = YES;
				CLANG_WARN_INT_CONVERSION = YES;
				CLANG_WARN_NON_LITERAL_NULL_CONVERSION = YES;
				CLANG_WARN_OBJC_IMPLICIT_RETAIN_SELF = YES;
				CLANG_WARN_OBJC_LITERAL_CONVERSION = YES;
				CLANG_WARN_OBJC_ROOT_CLASS = YES_ERROR;
				CLANG_WARN_QUOTED_INCLUDE_IN_FRAMEWORK_HEADER = YES;
				CLANG_WARN_RANGE_LOOP_ANALYSIS = YES;
				CLANG_WARN_STRICT_PROTOTYPES = YES;
				CLANG_WARN_SUSPICIOUS_MOVE = YES;
				CLANG_WARN_UNGUARDED_AVAILABILITY = YES_AGGRESSIVE;
				CLANG_WARN_UNREACHABLE_CODE = YES;
				CLANG_WARN__DUPLICATE_METHOD_MATCH = YES;
				COPY_PHASE_STRIP = NO;
				DEBUG_INFORMATION_FORMAT = dwarf;
				ENABLE_STRICT_OBJC_MSGSEND = YES;
				ENABLE_TESTABILITY = YES;
				GCC_C_LANGUAGE_STANDARD = gnu11;
				GCC_DYNAMIC_NO_PIC = NO;
				GCC_NO_COMMON_BLOCKS = YES;
				GCC_OPTIMIZATION_LEVEL = 0;
				GCC_PREPROCESSOR_DEFINITIONS = (
					"DEBUG=1",
					"$(inherited)",
				);
				GCC_WARN_64_TO_32_BIT_CONVERSION = YES;
				GCC_WARN_ABOUT_RETURN_TYPE = YES_ERROR;
				GCC_WARN_UNDECLARED_SELECTOR = YES;
				GCC_WARN_UNINITIALIZED_AUTOS = YES_AGGRESSIVE;
				GCC_WARN_UNUSED_FUNCTION = YES;
				GCC_WARN_UNUSED_VARIABLE = YES;
				IPHONEOS_DEPLOYMENT_TARGET = 14.2;
				MTL_ENABLE_DEBUG_INFO = INCLUDE_SOURCE;
				MTL_FAST_MATH = YES;
				ONLY_ACTIVE_ARCH = YES;
				SDKROOT = iphoneos;
				SWIFT_ACTIVE_COMPILATION_CONDITIONS = DEBUG;
				SWIFT_OPTIMIZATION_LEVEL = "-Onone";
			};
			name = Debug;
		};
		B566DD4425A4A68B00B46E30 /* Release */ = {
			isa = XCBuildConfiguration;
			buildSettings = {
				ALWAYS_SEARCH_USER_PATHS = NO;
				CLANG_ANALYZER_NONNULL = YES;
				CLANG_ANALYZER_NUMBER_OBJECT_CONVERSION = YES_AGGRESSIVE;
				CLANG_CXX_LANGUAGE_STANDARD = "gnu++14";
				CLANG_CXX_LIBRARY = "libc++";
				CLANG_ENABLE_MODULES = YES;
				CLANG_ENABLE_OBJC_ARC = YES;
				CLANG_ENABLE_OBJC_WEAK = YES;
				CLANG_WARN_BLOCK_CAPTURE_AUTORELEASING = YES;
				CLANG_WARN_BOOL_CONVERSION = YES;
				CLANG_WARN_COMMA = YES;
				CLANG_WARN_CONSTANT_CONVERSION = YES;
				CLANG_WARN_DEPRECATED_OBJC_IMPLEMENTATIONS = YES;
				CLANG_WARN_DIRECT_OBJC_ISA_USAGE = YES_ERROR;
				CLANG_WARN_DOCUMENTATION_COMMENTS = YES;
				CLANG_WARN_EMPTY_BODY = YES;
				CLANG_WARN_ENUM_CONVERSION = YES;
				CLANG_WARN_INFINITE_RECURSION = YES;
				CLANG_WARN_INT_CONVERSION = YES;
				CLANG_WARN_NON_LITERAL_NULL_CONVERSION = YES;
				CLANG_WARN_OBJC_IMPLICIT_RETAIN_SELF = YES;
				CLANG_WARN_OBJC_LITERAL_CONVERSION = YES;
				CLANG_WARN_OBJC_ROOT_CLASS = YES_ERROR;
				CLANG_WARN_QUOTED_INCLUDE_IN_FRAMEWORK_HEADER = YES;
				CLANG_WARN_RANGE_LOOP_ANALYSIS = YES;
				CLANG_WARN_STRICT_PROTOTYPES = YES;
				CLANG_WARN_SUSPICIOUS_MOVE = YES;
				CLANG_WARN_UNGUARDED_AVAILABILITY = YES_AGGRESSIVE;
				CLANG_WARN_UNREACHABLE_CODE = YES;
				CLANG_WARN__DUPLICATE_METHOD_MATCH = YES;
				COPY_PHASE_STRIP = NO;
				DEBUG_INFORMATION_FORMAT = "dwarf-with-dsym";
				ENABLE_NS_ASSERTIONS = NO;
				ENABLE_STRICT_OBJC_MSGSEND = YES;
				GCC_C_LANGUAGE_STANDARD = gnu11;
				GCC_NO_COMMON_BLOCKS = YES;
				GCC_WARN_64_TO_32_BIT_CONVERSION = YES;
				GCC_WARN_ABOUT_RETURN_TYPE = YES_ERROR;
				GCC_WARN_UNDECLARED_SELECTOR = YES;
				GCC_WARN_UNINITIALIZED_AUTOS = YES_AGGRESSIVE;
				GCC_WARN_UNUSED_FUNCTION = YES;
				GCC_WARN_UNUSED_VARIABLE = YES;
				IPHONEOS_DEPLOYMENT_TARGET = 14.2;
				MTL_ENABLE_DEBUG_INFO = NO;
				MTL_FAST_MATH = YES;
				SDKROOT = iphoneos;
				SWIFT_COMPILATION_MODE = wholemodule;
				SWIFT_OPTIMIZATION_LEVEL = "-O";
				VALIDATE_PRODUCT = YES;
			};
			name = Release;
		};
		B566DD4625A4A68B00B46E30 /* Debug */ = {
			isa = XCBuildConfiguration;
			buildSettings = {
				ASSETCATALOG_COMPILER_APPICON_NAME = AppIcon;
				ASSETCATALOG_COMPILER_GLOBAL_ACCENT_COLOR_NAME = AccentColor;
				CODE_SIGN_STYLE = Automatic;
				DEVELOPMENT_TEAM = W7G8NRL7L9;
				INFOPLIST_FILE = "Avito-Intership/Info.plist";
				LD_RUNPATH_SEARCH_PATHS = (
					"$(inherited)",
					"@executable_path/Frameworks",
				);
				PRODUCT_BUNDLE_IDENTIFIER = "malyshev.maksim.Avito-Intership";
				PRODUCT_NAME = "$(TARGET_NAME)";
				SWIFT_VERSION = 5.0;
				TARGETED_DEVICE_FAMILY = "1,2";
			};
			name = Debug;
		};
		B566DD4725A4A68B00B46E30 /* Release */ = {
			isa = XCBuildConfiguration;
			buildSettings = {
				ASSETCATALOG_COMPILER_APPICON_NAME = AppIcon;
				ASSETCATALOG_COMPILER_GLOBAL_ACCENT_COLOR_NAME = AccentColor;
				CODE_SIGN_STYLE = Automatic;
				DEVELOPMENT_TEAM = W7G8NRL7L9;
				INFOPLIST_FILE = "Avito-Intership/Info.plist";
				LD_RUNPATH_SEARCH_PATHS = (
					"$(inherited)",
					"@executable_path/Frameworks",
				);
				PRODUCT_BUNDLE_IDENTIFIER = "malyshev.maksim.Avito-Intership";
				PRODUCT_NAME = "$(TARGET_NAME)";
				SWIFT_VERSION = 5.0;
				TARGETED_DEVICE_FAMILY = "1,2";
			};
			name = Release;
		};
/* End XCBuildConfiguration section */

/* Begin XCConfigurationList section */
		B566DD2C25A4A68A00B46E30 /* Build configuration list for PBXProject "Avito-Intership" */ = {
			isa = XCConfigurationList;
			buildConfigurations = (
				B566DD4325A4A68B00B46E30 /* Debug */,
				B566DD4425A4A68B00B46E30 /* Release */,
			);
			defaultConfigurationIsVisible = 0;
			defaultConfigurationName = Release;
		};
		B566DD4525A4A68B00B46E30 /* Build configuration list for PBXNativeTarget "Avito-Intership" */ = {
			isa = XCConfigurationList;
			buildConfigurations = (
				B566DD4625A4A68B00B46E30 /* Debug */,
				B566DD4725A4A68B00B46E30 /* Release */,
			);
			defaultConfigurationIsVisible = 0;
			defaultConfigurationName = Release;
		};
/* End XCConfigurationList section */
	};
	rootObject = B566DD2925A4A68A00B46E30 /* Project object */;
}
